
Microsoft Visual Studio Solution File, Format Version 12.00
# Visual Studio Version 16
VisualStudioVersion = 16.0.29006.145
MinimumVisualStudioVersion = 10.0.40219.1
Project("{9A19103F-16F7-4668-BE54-9A1E7A4F7556}") = "Aula01", "Aula01\Aula01.csproj", "{F5CB4937-B859-4265-9391-493CDA7CECFB}"
EndProject
Project("{9A19103F-16F7-4668-BE54-9A1E7A4F7556}") = "TestesCsharp8", "TestesCsharp8\TestesCsharp8.csproj", "{5E3D1BA0-3650-44D2-ACE2-DCA4CAF00643}"
EndProject
Project("{9A19103F-16F7-4668-BE54-9A1E7A4F7556}") = "Aula02", "Aula02\Aula02.csproj", "{0909FDAA-D365-462A-8992-2295E447D6F3}"
EndProject
Project("{9A19103F-16F7-4668-BE54-9A1E7A4F7556}") = "Aula03", "Aula03\Aula03.csproj", "{6FF8C165-69D9-4F33-AF7F-A6EC57B5E725}"
EndProject
Project("{FAE04EC0-301F-11D3-BF4B-00C04F79EFBC}") = "Aula04", "Aula04\Aula04.csproj", "{DD66AAB6-8347-45BF-93C7-CF6222F851B0}"
EndProject
Project("{FAE04EC0-301F-11D3-BF4B-00C04F79EFBC}") = "Aula05", "Aula05\Aula05.csproj", "{48BBA1C1-58BF-43C8-ABC8-D0102D88BC02}"
EndProject
Project("{2150E333-8FDC-42A3-9474-1A3956D46DE8}") = "Csharp7e8", "Csharp7e8", "{668A1B5F-1A97-45DB-9019-A8E224EDDC62}"
EndProject
Global
	GlobalSection(SolutionConfigurationPlatforms) = preSolution
		Debug|Any CPU = Debug|Any CPU
		Release|Any CPU = Release|Any CPU
	EndGlobalSection
	GlobalSection(ProjectConfigurationPlatforms) = postSolution
		{F5CB4937-B859-4265-9391-493CDA7CECFB}.Debug|Any CPU.ActiveCfg = Debug|Any CPU
		{F5CB4937-B859-4265-9391-493CDA7CECFB}.Debug|Any CPU.Build.0 = Debug|Any CPU
		{F5CB4937-B859-4265-9391-493CDA7CECFB}.Release|Any CPU.ActiveCfg = Release|Any CPU
		{F5CB4937-B859-4265-9391-493CDA7CECFB}.Release|Any CPU.Build.0 = Release|Any CPU
		{5E3D1BA0-3650-44D2-ACE2-DCA4CAF00643}.Debug|Any CPU.ActiveCfg = Debug|Any CPU
		{5E3D1BA0-3650-44D2-ACE2-DCA4CAF00643}.Debug|Any CPU.Build.0 = Debug|Any CPU
		{5E3D1BA0-3650-44D2-ACE2-DCA4CAF00643}.Release|Any CPU.ActiveCfg = Release|Any CPU
		{5E3D1BA0-3650-44D2-ACE2-DCA4CAF00643}.Release|Any CPU.Build.0 = Release|Any CPU
		{0909FDAA-D365-462A-8992-2295E447D6F3}.Debug|Any CPU.ActiveCfg = Debug|Any CPU
		{0909FDAA-D365-462A-8992-2295E447D6F3}.Debug|Any CPU.Build.0 = Debug|Any CPU
		{0909FDAA-D365-462A-8992-2295E447D6F3}.Release|Any CPU.ActiveCfg = Release|Any CPU
		{0909FDAA-D365-462A-8992-2295E447D6F3}.Release|Any CPU.Build.0 = Release|Any CPU
		{6FF8C165-69D9-4F33-AF7F-A6EC57B5E725}.Debug|Any CPU.ActiveCfg = Debug|Any CPU
		{6FF8C165-69D9-4F33-AF7F-A6EC57B5E725}.Debug|Any CPU.Build.0 = Debug|Any CPU
		{6FF8C165-69D9-4F33-AF7F-A6EC57B5E725}.Release|Any CPU.ActiveCfg = Release|Any CPU
		{6FF8C165-69D9-4F33-AF7F-A6EC57B5E725}.Release|Any CPU.Build.0 = Release|Any CPU
		{DD66AAB6-8347-45BF-93C7-CF6222F851B0}.Debug|Any CPU.ActiveCfg = Debug|Any CPU
		{DD66AAB6-8347-45BF-93C7-CF6222F851B0}.Debug|Any CPU.Build.0 = Debug|Any CPU
		{DD66AAB6-8347-45BF-93C7-CF6222F851B0}.Release|Any CPU.ActiveCfg = Release|Any CPU
		{DD66AAB6-8347-45BF-93C7-CF6222F851B0}.Release|Any CPU.Build.0 = Release|Any CPU
		{48BBA1C1-58BF-43C8-ABC8-D0102D88BC02}.Debug|Any CPU.ActiveCfg = Debug|Any CPU
		{48BBA1C1-58BF-43C8-ABC8-D0102D88BC02}.Debug|Any CPU.Build.0 = Debug|Any CPU
		{48BBA1C1-58BF-43C8-ABC8-D0102D88BC02}.Release|Any CPU.ActiveCfg = Release|Any CPU
		{48BBA1C1-58BF-43C8-ABC8-D0102D88BC02}.Release|Any CPU.Build.0 = Release|Any CPU
	EndGlobalSection
	GlobalSection(SolutionProperties) = preSolution
		HideSolutionNode = FALSE
	EndGlobalSection
	GlobalSection(NestedProjects) = preSolution
		{F5CB4937-B859-4265-9391-493CDA7CECFB} = {668A1B5F-1A97-45DB-9019-A8E224EDDC62}
		{5E3D1BA0-3650-44D2-ACE2-DCA4CAF00643} = {668A1B5F-1A97-45DB-9019-A8E224EDDC62}
		{0909FDAA-D365-462A-8992-2295E447D6F3} = {668A1B5F-1A97-45DB-9019-A8E224EDDC62}
		{6FF8C165-69D9-4F33-AF7F-A6EC57B5E725} = {668A1B5F-1A97-45DB-9019-A8E224EDDC62}
		{DD66AAB6-8347-45BF-93C7-CF6222F851B0} = {668A1B5F-1A97-45DB-9019-A8E224EDDC62}
		{48BBA1C1-58BF-43C8-ABC8-D0102D88BC02} = {668A1B5F-1A97-45DB-9019-A8E224EDDC62}
	EndGlobalSection
	GlobalSection(ExtensibilityGlobals) = postSolution
		SolutionGuid = {FAD95A77-6E7F-410B-A741-6D10E1A77B05}
	EndGlobalSection
EndGlobal
